
Microsoft Visual Studio Solution File, Format Version 12.00
# Visual Studio Version 17
VisualStudioVersion = 17.6.33829.357
MinimumVisualStudioVersion = 10.0.40219.1
Project("{FAE04EC0-301F-11D3-BF4B-00C04F79EFBC}") = "ThePlayList", "ThePlayList\ThePlayList.csproj", "{1765C443-F71B-4E45-A2F7-240F2634B7EE}"
EndProject
Global
	GlobalSection(SolutionConfigurationPlatforms) = preSolution
		Debug|Any CPU = Debug|Any CPU
		Release|Any CPU = Release|Any CPU
	EndGlobalSection
	GlobalSection(ProjectConfigurationPlatforms) = postSolution
		{1765C443-F71B-4E45-A2F7-240F2634B7EE}.Debug|Any CPU.ActiveCfg = Debug|Any CPU
		{1765C443-F71B-4E45-A2F7-240F2634B7EE}.Debug|Any CPU.Build.0 = Debug|Any CPU
		{1765C443-F71B-4E45-A2F7-240F2634B7EE}.Release|Any CPU.ActiveCfg = Release|Any CPU
		{1765C443-F71B-4E45-A2F7-240F2634B7EE}.Release|Any CPU.Build.0 = Release|Any CPU
	EndGlobalSection
	GlobalSection(SolutionProperties) = preSolution
		HideSolutionNode = FALSE
	EndGlobalSection
	GlobalSection(ExtensibilityGlobals) = postSolution
		SolutionGuid = {C87A9656-797C-4095-BA37-7BA935D719D4}
	EndGlobalSection
EndGlobal
